{
  "version": 4,
  "terraform_version": "1.13.4",
  "serial": 5,
  "lineage": "cc905fbc-ee9c-6a1d-4d39-620b31e87947",
  "outputs": {
    "web_server_ip_address": {
      "value": "64.225.24.134",
      "type": "string"
    }
  },
  "resources": [
    {
      "mode": "data",
      "type": "digitalocean_ssh_key",
      "name": "default",
      "provider": "provider[\"registry.terraform.io/digitalocean/digitalocean\"]",
      "instances": [
        {
          "schema_version": 0,
          "attributes": {
            "fingerprint": "04:f3:a2:0a:ba:b7:d3:a7:ce:db:7d:df:43:a6:ef:b9",
            "id": 51710488,
            "name": "digitaloceankey",
            "public_key": "ssh-rsa AAAAB3NzaC1yc2EAAAADAQABAAABAQDBHCz2BAjcyEjNy/y4Y7gDP+u0BPuNBV6cpf/+jnMBvJ1CYRYh2MAZK7MqrxopCyvyZrzz7WqdRTWSufYCDnGecb85+OgJIX9OlRBGS9m1bQTQzg4m3MoQvns6oBoecqulw3INBNEMtFdaQeJhsXPrEyzntb+sSbF47+zv4V0hbOsfV6yxPkv60Aguy0b95mKuuq1/qLFb/8ImVvMoZEZtGNGsI+OWYqxxkHRlm3lMwFBB2HLuxaPwUbr9n4/175730dggM2CGWIM/bEaWuBtZTAnztmR4TjXpDWbf7VDqipi8vcyE3S41Ni1f8AVSP+e3PDP8istj1ARks/rekSDH \u003ccomment\u003e"
          },
          "sensitive_attributes": [],
          "identity_schema_version": 0
        }
      ]
    },
    {
      "mode": "managed",
      "type": "digitalocean_droplet",
      "name": "web_server",
      "provider": "provider[\"registry.terraform.io/digitalocean/digitalocean\"]",
      "instances": [
        {
          "schema_version": 1,
          "attributes": {
            "backup_policy": [],
            "backups": false,
            "created_at": "2025-11-03T06:48:14Z",
            "disk": 25,
            "droplet_agent": null,
            "graceful_shutdown": false,
            "id": "527838412",
            "image": "ubuntu-22-04-x64",
            "ipv4_address": "64.225.24.134",
            "ipv4_address_private": "10.108.0.2",
            "ipv6": false,
            "ipv6_address": "",
            "locked": false,
            "memory": 1024,
            "monitoring": false,
            "name": "minimal-budget-tracker",
            "price_hourly": 0.00893,
            "price_monthly": 6,
            "private_networking": true,
            "region": "nyc3",
            "resize_disk": true,
            "size": "s-1vcpu-1gb",
            "ssh_keys": [
              "51710488"
            ],
            "status": "active",
            "tags": [],
            "timeouts": null,
            "urn": "do:droplet:527838412",
            "user_data": null,
            "vcpus": 1,
            "volume_ids": [],
            "vpc_uuid": "e53c3d92-5f78-4dd6-989f-185ebb9fcf36"
          },
          "sensitive_attributes": [],
          "identity_schema_version": 0,
          "private": "eyJlMmJmYjczMC1lY2FhLTExZTYtOGY4OC0zNDM2M2JjN2M0YzAiOnsiY3JlYXRlIjozNjAwMDAwMDAwMDAwLCJkZWxldGUiOjYwMDAwMDAwMDAwLCJ1cGRhdGUiOjM2MDAwMDAwMDAwMDB9LCJzY2hlbWFfdmVyc2lvbiI6IjEifQ==",
          "dependencies": [
            "data.digitalocean_ssh_key.default"
          ]
        }
      ]
    },
    {
      "mode": "managed",
      "type": "digitalocean_firewall",
      "name": "web_server_fw",
      "provider": "provider[\"registry.terraform.io/digitalocean/digitalocean\"]",
      "instances": [
        {
          "schema_version": 0,
          "attributes": {
            "created_at": "2025-11-03T06:48:36Z",
            "droplet_ids": [
              527838412
            ],
            "id": "1196271f-e68e-4a0b-a271-0a5991c555e1",
            "inbound_rule": [
              {
                "port_range": "22",
                "protocol": "tcp",
                "source_addresses": [
                  "0.0.0.0/0",
                  "::/0"
                ],
                "source_droplet_ids": [],
                "source_kubernetes_ids": [],
                "source_load_balancer_uids": [],
                "source_tags": []
              },
              {
                "port_range": "443",
                "protocol": "tcp",
                "source_addresses": [
                  "0.0.0.0/0",
                  "::/0"
                ],
                "source_droplet_ids": [],
                "source_kubernetes_ids": [],
                "source_load_balancer_uids": [],
                "source_tags": []
              },
              {
                "port_range": "80",
                "protocol": "tcp",
                "source_addresses": [
                  "0.0.0.0/0",
                  "::/0"
                ],
                "source_droplet_ids": [],
                "source_kubernetes_ids": [],
                "source_load_balancer_uids": [],
                "source_tags": []
              }
            ],
            "name": "web-server-firewall",
            "outbound_rule": [
              {
                "destination_addresses": [
                  "0.0.0.0/0",
                  "::/0"
                ],
                "destination_droplet_ids": [],
                "destination_kubernetes_ids": [],
                "destination_load_balancer_uids": [],
                "destination_tags": [],
                "port_range": "",
                "protocol": "icmp"
              },
              {
                "destination_addresses": [
                  "0.0.0.0/0",
                  "::/0"
                ],
                "destination_droplet_ids": [],
                "destination_kubernetes_ids": [],
                "destination_load_balancer_uids": [],
                "destination_tags": [],
                "port_range": "1-65535",
                "protocol": "tcp"
              },
              {
                "destination_addresses": [
                  "0.0.0.0/0",
                  "::/0"
                ],
                "destination_droplet_ids": [],
                "destination_kubernetes_ids": [],
                "destination_load_balancer_uids": [],
                "destination_tags": [],
                "port_range": "1-65535",
                "protocol": "udp"
              }
            ],
            "pending_changes": [
              {
                "droplet_id": 527838412,
                "removing": false,
                "status": "waiting"
              }
            ],
            "status": "waiting",
            "tags": []
          },
          "sensitive_attributes": [],
          "identity_schema_version": 0,
          "private": "bnVsbA==",
          "dependencies": [
            "data.digitalocean_ssh_key.default",
            "digitalocean_droplet.web_server"
          ]
        }
      ]
    }
  ],
  "check_results": null
}
